// !$*UTF8*$!
{
	archiveVersion = 1;
	classes = {
	};
	objectVersion = 50;
	objects = {

/* Begin PBXBuildFile section */
		41EF760520C5033D005F9627 /* AppDelegate.swift in Sources */ = {isa = PBXBuildFile; fileRef = 41EF760420C5033D005F9627 /* AppDelegate.swift */; };
		41EF760720C5033D005F9627 /* ViewController.swift in Sources */ = {isa = PBXBuildFile; fileRef = 41EF760620C5033D005F9627 /* ViewController.swift */; };
		41EF760A20C5033D005F9627 /* Main.storyboard in Resources */ = {isa = PBXBuildFile; fileRef = 41EF760820C5033D005F9627 /* Main.storyboard */; };
		41EF760C20C5033F005F9627 /* Assets.xcassets in Resources */ = {isa = PBXBuildFile; fileRef = 41EF760B20C5033F005F9627 /* Assets.xcassets */; };
		41EF760F20C5033F005F9627 /* LaunchScreen.storyboard in Resources */ = {isa = PBXBuildFile; fileRef = 41EF760D20C5033F005F9627 /* LaunchScreen.storyboard */; };
		41EF761820C50387005F9627 /* DateTools.swift in Sources */ = {isa = PBXBuildFile; fileRef = 41EF761720C50387005F9627 /* DateTools.swift */; };
		41EF761A20C5079C005F9627 /* DataModel.swift in Sources */ = {isa = PBXBuildFile; fileRef = 41EF761920C5079C005F9627 /* DataModel.swift */; };
/* End PBXBuildFile section */

/* Begin PBXFileReference section */
		41EF760120C5033D005F9627 /* SwiftToolsKit.app */ = {isa = PBXFileReference; explicitFileType = wrapper.application; includeInIndex = 0; path = SwiftToolsKit.app; sourceTree = BUILT_PRODUCTS_DIR; };
		41EF760420C5033D005F9627 /* AppDelegate.swift */ = {isa = PBXFileReference; lastKnownFileType = sourcecode.swift; path = AppDelegate.swift; sourceTree = "<group>"; };
		41EF760620C5033D005F9627 /* ViewController.swift */ = {isa = PBXFileReference; lastKnownFileType = sourcecode.swift; path = ViewController.swift; sourceTree = "<group>"; };
		41EF760920C5033D005F9627 /* Base */ = {isa = PBXFileReference; lastKnownFileType = file.storyboard; name = Base; path = Base.lproj/Main.storyboard; sourceTree = "<group>"; };
		41EF760B20C5033F005F9627 /* Assets.xcassets */ = {isa = PBXFileReference; lastKnownFileType = folder.assetcatalog; path = Assets.xcassets; sourceTree = "<group>"; };
		41EF760E20C5033F005F9627 /* Base */ = {isa = PBXFileReference; lastKnownFileType = file.storyboard; name = Base; path = Base.lproj/LaunchScreen.storyboard; sourceTree = "<group>"; };
		41EF761020C5033F005F9627 /* Info.plist */ = {isa = PBXFileReference; lastKnownFileType = text.plist.xml; path = Info.plist; sourceTree = "<group>"; };
		41EF761720C50387005F9627 /* DateTools.swift */ = {isa = PBXFileReference; lastKnownFileType = sourcecode.swift; path = DateTools.swift; sourceTree = "<group>"; };
		41EF761920C5079C005F9627 /* DataModel.swift */ = {isa = PBXFileReference; lastKnownFileType = sourcecode.swift; path = DataModel.swift; sourceTree = "<group>"; };
/* End PBXFileReference section */

/* Begin PBXFrameworksBuildPhase section */
		41EF75FE20C5033D005F9627 /* Frameworks */ = {
			isa = PBXFrameworksBuildPhase;
			buildActionMask = 2147483647;
			files = (
			);
			runOnlyForDeploymentPostprocessing = 0;
		};
/* End PBXFrameworksBuildPhase section */

/* Begin PBXGroup section */
		41EF75F820C5033D005F9627 = {
			isa = PBXGroup;
			children = (
				41EF760320C5033D005F9627 /* SwiftToolsKit */,
				41EF760220C5033D005F9627 /* Products */,
			);
			sourceTree = "<group>";
		};
		41EF760220C5033D005F9627 /* Products */ = {
			isa = PBXGroup;
			children = (
				41EF760120C5033D005F9627 /* SwiftToolsKit.app */,
			);
			name = Products;
			sourceTree = "<group>";
		};
		41EF760320C5033D005F9627 /* SwiftToolsKit */ = {
			isa = PBXGroup;
			children = (
				41EF761D20C512F8005F9627 /* Main */,
				41EF761B20C50B60005F9627 /* Demos */,
				41EF761620C50367005F9627 /* SwiftToolsKit */,
				41EF761C20C512E5005F9627 /* Other */,
			);
			path = SwiftToolsKit;
			sourceTree = "<group>";
		};
		41EF761620C50367005F9627 /* SwiftToolsKit */ = {
			isa = PBXGroup;
			children = (
				41EF761720C50387005F9627 /* DateTools.swift */,
			);
			path = SwiftToolsKit;
			sourceTree = "<group>";
		};
		41EF761B20C50B60005F9627 /* Demos */ = {
			isa = PBXGroup;
			children = (
			);
			path = Demos;
			sourceTree = "<group>";
		};
		41EF761C20C512E5005F9627 /* Other */ = {
			isa = PBXGroup;
			children = (
				41EF760B20C5033F005F9627 /* Assets.xcassets */,
				41EF761020C5033F005F9627 /* Info.plist */,
			);
			path = Other;
			sourceTree = "<group>";
		};
		41EF761D20C512F8005F9627 /* Main */ = {
			isa = PBXGroup;
			children = (
				41EF760420C5033D005F9627 /* AppDelegate.swift */,
				41EF760620C5033D005F9627 /* ViewController.swift */,
				41EF761920C5079C005F9627 /* DataModel.swift */,
				41EF760820C5033D005F9627 /* Main.storyboard */,
				41EF760D20C5033F005F9627 /* LaunchScreen.storyboard */,
			);
			path = Main;
			sourceTree = "<group>";
		};
/* End PBXGroup section */

/* Begin PBXNativeTarget section */
		41EF760020C5033D005F9627 /* SwiftToolsKit */ = {
			isa = PBXNativeTarget;
			buildConfigurationList = 41EF761320C5033F005F9627 /* Build configuration list for PBXNativeTarget "SwiftToolsKit" */;
			buildPhases = (
				41EF75FD20C5033D005F9627 /* Sources */,
				41EF75FE20C5033D005F9627 /* Frameworks */,
				41EF75FF20C5033D005F9627 /* Resources */,
			);
			buildRules = (
			);
			dependencies = (
			);
			name = SwiftToolsKit;
			productName = SwiftToolsKit;
			productReference = 41EF760120C5033D005F9627 /* SwiftToolsKit.app */;
			productType = "com.apple.product-type.application";
		};
/* End PBXNativeTarget section */

/* Begin PBXProject section */
		41EF75F920C5033D005F9627 /* Project object */ = {
			isa = PBXProject;
			attributes = {
				LastSwiftUpdateCheck = 0940;
				LastUpgradeCheck = 0940;
				ORGANIZATIONNAME = SwiftToolsKit;
				TargetAttributes = {
					41EF760020C5033D005F9627 = {
						CreatedOnToolsVersion = 9.4;
					};
				};
			};
			buildConfigurationList = 41EF75FC20C5033D005F9627 /* Build configuration list for PBXProject "SwiftToolsKit" */;
			compatibilityVersion = "Xcode 9.3";
			developmentRegion = en;
			hasScannedForEncodings = 0;
			knownRegions = (
				en,
				Base,
			);
			mainGroup = 41EF75F820C5033D005F9627;
			productRefGroup = 41EF760220C5033D005F9627 /* Products */;
			projectDirPath = "";
			projectRoot = "";
			targets = (
				41EF760020C5033D005F9627 /* SwiftToolsKit */,
			);
		};
/* End PBXProject section */

/* Begin PBXResourcesBuildPhase section */
		41EF75FF20C5033D005F9627 /* Resources */ = {
			isa = PBXResourcesBuildPhase;
			buildActionMask = 2147483647;
			files = (
				41EF760F20C5033F005F9627 /* LaunchScreen.storyboard in Resources */,
				41EF760C20C5033F005F9627 /* Assets.xcassets in Resources */,
				41EF760A20C5033D005F9627 /* Main.storyboard in Resources */,
			);
			runOnlyForDeploymentPostprocessing = 0;
		};
/* End PBXResourcesBuildPhase section */

/* Begin PBXSourcesBuildPhase section */
		41EF75FD20C5033D005F9627 /* Sources */ = {
			isa = PBXSourcesBuildPhase;
			buildActionMask = 2147483647;
			files = (
				41EF760720C5033D005F9627 /* ViewController.swift in Sources */,
				41EF761A20C5079C005F9627 /* DataModel.swift in Sources */,
				41EF760520C5033D005F9627 /* AppDelegate.swift in Sources */,
				41EF761820C50387005F9627 /* DateTools.swift in Sources */,
			);
			runOnlyForDeploymentPostprocessing = 0;
		};
/* End PBXSourcesBuildPhase section */

/* Begin PBXVariantGroup section */
		41EF760820C5033D005F9627 /* Main.storyboard */ = {
			isa = PBXVariantGroup;
			children = (
				41EF760920C5033D005F9627 /* Base */,
			);
			name = Main.storyboard;
			sourceTree = "<group>";
		};
		41EF760D20C5033F005F9627 /* LaunchScreen.storyboard */ = {
			isa = PBXVariantGroup;
			children = (
				41EF760E20C5033F005F9627 /* Base */,
			);
			name = LaunchScreen.storyboard;
			sourceTree = "<group>";
		};
/* End PBXVariantGroup section */

/* Begin XCBuildConfiguration section */
		41EF761120C5033F005F9627 /* Debug */ = {
			isa = XCBuildConfiguration;
			buildSettings = {
				ALWAYS_SEARCH_USER_PATHS = NO;
				CLANG_ANALYZER_NONNULL = YES;
				CLANG_ANALYZER_NUMBER_OBJECT_CONVERSION = YES_AGGRESSIVE;
				CLANG_CXX_LANGUAGE_STANDARD = "gnu++14";
				CLANG_CXX_LIBRARY = "libc++";
				CLANG_ENABLE_MODULES = YES;
				CLANG_ENABLE_OBJC_ARC = YES;
				CLANG_ENABLE_OBJC_WEAK = YES;
				CLANG_WARN_BLOCK_CAPTURE_AUTORELEASING = YES;
				CLANG_WARN_BOOL_CONVERSION = YES;
				CLANG_WARN_COMMA = YES;
				CLANG_WARN_CONSTANT_CONVERSION = YES;
				CLANG_WARN_DEPRECATED_OBJC_IMPLEMENTATIONS = YES;
				CLANG_WARN_DIRECT_OBJC_ISA_USAGE = YES_ERROR;
				CLANG_WARN_DOCUMENTATION_COMMENTS = YES;
				CLANG_WARN_EMPTY_BODY = YES;
				CLANG_WARN_ENUM_CONVERSION = YES;
				CLANG_WARN_INFINITE_RECURSION = YES;
				CLANG_WARN_INT_CONVERSION = YES;
				CLANG_WARN_NON_LITERAL_NULL_CONVERSION = YES;
				CLANG_WARN_OBJC_IMPLICIT_RETAIN_SELF = YES;
				CLANG_WARN_OBJC_LITERAL_CONVERSION = YES;
				CLANG_WARN_OBJC_ROOT_CLASS = YES_ERROR;
				CLANG_WARN_RANGE_LOOP_ANALYSIS = YES;
				CLANG_WARN_STRICT_PROTOTYPES = YES;
				CLANG_WARN_SUSPICIOUS_MOVE = YES;
				CLANG_WARN_UNGUARDED_AVAILABILITY = YES_AGGRESSIVE;
				CLANG_WARN_UNREACHABLE_CODE = YES;
				CLANG_WARN__DUPLICATE_METHOD_MATCH = YES;
				CODE_SIGN_IDENTITY = "iPhone Developer";
				COPY_PHASE_STRIP = NO;
				DEBUG_INFORMATION_FORMAT = dwarf;
				ENABLE_STRICT_OBJC_MSGSEND = YES;
				ENABLE_TESTABILITY = YES;
				GCC_C_LANGUAGE_STANDARD = gnu11;
				GCC_DYNAMIC_NO_PIC = NO;
				GCC_NO_COMMON_BLOCKS = YES;
				GCC_OPTIMIZATION_LEVEL = 0;
				GCC_PREPROCESSOR_DEFINITIONS = (
					"DEBUG=1",
					"$(inherited)",
				);
				GCC_WARN_64_TO_32_BIT_CONVERSION = YES;
				GCC_WARN_ABOUT_RETURN_TYPE = YES_ERROR;
				GCC_WARN_UNDECLARED_SELECTOR = YES;
				GCC_WARN_UNINITIALIZED_AUTOS = YES_AGGRESSIVE;
				GCC_WARN_UNUSED_FUNCTION = YES;
				GCC_WARN_UNUSED_VARIABLE = YES;
				IPHONEOS_DEPLOYMENT_TARGET = 11.4;
				MTL_ENABLE_DEBUG_INFO = YES;
				ONLY_ACTIVE_ARCH = YES;
				SDKROOT = iphoneos;
				SWIFT_ACTIVE_COMPILATION_CONDITIONS = DEBUG;
				SWIFT_OPTIMIZATION_LEVEL = "-Onone";
			};
			name = Debug;
		};
		41EF761220C5033F005F9627 /* Release */ = {
			isa = XCBuildConfiguration;
			buildSettings = {
				ALWAYS_SEARCH_USER_PATHS = NO;
				CLANG_ANALYZER_NONNULL = YES;
				CLANG_ANALYZER_NUMBER_OBJECT_CONVERSION = YES_AGGRESSIVE;
				CLANG_CXX_LANGUAGE_STANDARD = "gnu++14";
				CLANG_CXX_LIBRARY = "libc++";
				CLANG_ENABLE_MODULES = YES;
				CLANG_ENABLE_OBJC_ARC = YES;
				CLANG_ENABLE_OBJC_WEAK = YES;
				CLANG_WARN_BLOCK_CAPTURE_AUTORELEASING = YES;
				CLANG_WARN_BOOL_CONVERSION = YES;
				CLANG_WARN_COMMA = YES;
				CLANG_WARN_CONSTANT_CONVERSION = YES;
				CLANG_WARN_DEPRECATED_OBJC_IMPLEMENTATIONS = YES;
				CLANG_WARN_DIRECT_OBJC_ISA_USAGE = YES_ERROR;
				CLANG_WARN_DOCUMENTATION_COMMENTS = YES;
				CLANG_WARN_EMPTY_BODY = YES;
				CLANG_WARN_ENUM_CONVERSION = YES;
				CLANG_WARN_INFINITE_RECURSION = YES;
				CLANG_WARN_INT_CONVERSION = YES;
				CLANG_WARN_NON_LITERAL_NULL_CONVERSION = YES;
				CLANG_WARN_OBJC_IMPLICIT_RETAIN_SELF = YES;
				CLANG_WARN_OBJC_LITERAL_CONVERSION = YES;
				CLANG_WARN_OBJC_ROOT_CLASS = YES_ERROR;
				CLANG_WARN_RANGE_LOOP_ANALYSIS = YES;
				CLANG_WARN_STRICT_PROTOTYPES = YES;
				CLANG_WARN_SUSPICIOUS_MOVE = YES;
				CLANG_WARN_UNGUARDED_AVAILABILITY = YES_AGGRESSIVE;
				CLANG_WARN_UNREACHABLE_CODE = YES;
				CLANG_WARN__DUPLICATE_METHOD_MATCH = YES;
				CODE_SIGN_IDENTITY = "iPhone Developer";
				COPY_PHASE_STRIP = NO;
				DEBUG_INFORMATION_FORMAT = "dwarf-with-dsym";
				ENABLE_NS_ASSERTIONS = NO;
				ENABLE_STRICT_OBJC_MSGSEND = YES;
				GCC_C_LANGUAGE_STANDARD = gnu11;
				GCC_NO_COMMON_BLOCKS = YES;
				GCC_WARN_64_TO_32_BIT_CONVERSION = YES;
				GCC_WARN_ABOUT_RETURN_TYPE = YES_ERROR;
				GCC_WARN_UNDECLARED_SELECTOR = YES;
				GCC_WARN_UNINITIALIZED_AUTOS = YES_AGGRESSIVE;
				GCC_WARN_UNUSED_FUNCTION = YES;
				GCC_WARN_UNUSED_VARIABLE = YES;
				IPHONEOS_DEPLOYMENT_TARGET = 11.4;
				MTL_ENABLE_DEBUG_INFO = NO;
				SDKROOT = iphoneos;
				SWIFT_COMPILATION_MODE = wholemodule;
				SWIFT_OPTIMIZATION_LEVEL = "-O";
				VALIDATE_PRODUCT = YES;
			};
			name = Release;
		};
		41EF761420C5033F005F9627 /* Debug */ = {
			isa = XCBuildConfiguration;
			buildSettings = {
				ASSETCATALOG_COMPILER_APPICON_NAME = AppIcon;
				CODE_SIGN_STYLE = Automatic;
				DEVELOPMENT_TEAM = D8DP89SRM4;
				INFOPLIST_FILE = SwiftToolsKit/Other/Info.plist;
				IPHONEOS_DEPLOYMENT_TARGET = 11.0;
				LD_RUNPATH_SEARCH_PATHS = (
					"$(inherited)",
					"@executable_path/Frameworks",
				);
				PRODUCT_BUNDLE_IDENTIFIER = com.PlutusCat.SwiftToolsKit;
				PRODUCT_NAME = "$(TARGET_NAME)";
				SWIFT_VERSION = 4.0;
				TARGETED_DEVICE_FAMILY = "1,2";
			};
			name = Debug;
		};
		41EF761520C5033F005F9627 /* Release */ = {
			isa = XCBuildConfiguration;
			buildSettings = {
				ASSETCATALOG_COMPILER_APPICON_NAME = AppIcon;
				CODE_SIGN_STYLE = Automatic;
				DEVELOPMENT_TEAM = D8DP89SRM4;
				INFOPLIST_FILE = SwiftToolsKit/Other/Info.plist;
				IPHONEOS_DEPLOYMENT_TARGET = 11.0;
				LD_RUNPATH_SEARCH_PATHS = (
					"$(inherited)",
					"@executable_path/Frameworks",
				);
				PRODUCT_BUNDLE_IDENTIFIER = com.PlutusCat.SwiftToolsKit;
				PRODUCT_NAME = "$(TARGET_NAME)";
				SWIFT_VERSION = 4.0;
				TARGETED_DEVICE_FAMILY = "1,2";
			};
			name = Release;
		};
/* End XCBuildConfiguration section */

/* Begin XCConfigurationList section */
		41EF75FC20C5033D005F9627 /* Build configuration list for PBXProject "SwiftToolsKit" */ = {
			isa = XCConfigurationList;
			buildConfigurations = (
				41EF761120C5033F005F9627 /* Debug */,
				41EF761220C5033F005F9627 /* Release */,
			);
			defaultConfigurationIsVisible = 0;
			defaultConfigurationName = Release;
		};
		41EF761320C5033F005F9627 /* Build configuration list for PBXNativeTarget "SwiftToolsKit" */ = {
			isa = XCConfigurationList;
			buildConfigurations = (
				41EF761420C5033F005F9627 /* Debug */,
				41EF761520C5033F005F9627 /* Release */,
			);
			defaultConfigurationIsVisible = 0;
			defaultConfigurationName = Release;
		};
/* End XCConfigurationList section */
	};
	rootObject = 41EF75F920C5033D005F9627 /* Project object */;
}
